// !$*UTF8*$!
{
	archiveVersion = 1;
	classes = {
	};
	objectVersion = 46;
	objects = {

/* Begin PBXBuildFile section */
		BD584E561BA8C5B100A9912A /* main.m in Sources */ = {isa = PBXBuildFile; fileRef = BD584E551BA8C5B100A9912A /* main.m */; };
		BD584E591BA8C5B100A9912A /* AppDelegate.m in Sources */ = {isa = PBXBuildFile; fileRef = BD584E581BA8C5B100A9912A /* AppDelegate.m */; };
		BD584E5C1BA8C5B100A9912A /* ViewController.m in Sources */ = {isa = PBXBuildFile; fileRef = BD584E5B1BA8C5B100A9912A /* ViewController.m */; };
		BD584E5F1BA8C5B100A9912A /* Main.storyboard in Resources */ = {isa = PBXBuildFile; fileRef = BD584E5D1BA8C5B100A9912A /* Main.storyboard */; };
		BD584E611BA8C5B100A9912A /* Assets.xcassets in Resources */ = {isa = PBXBuildFile; fileRef = BD584E601BA8C5B100A9912A /* Assets.xcassets */; };
		BD584E641BA8C5B100A9912A /* LaunchScreen.storyboard in Resources */ = {isa = PBXBuildFile; fileRef = BD584E621BA8C5B100A9912A /* LaunchScreen.storyboard */; };
		BD584E6F1BA8C5B100A9912A /* CollectionViewTests.m in Sources */ = {isa = PBXBuildFile; fileRef = BD584E6E1BA8C5B100A9912A /* CollectionViewTests.m */; };
		BD584E7A1BA8C5B100A9912A /* CollectionViewUITests.m in Sources */ = {isa = PBXBuildFile; fileRef = BD584E791BA8C5B100A9912A /* CollectionViewUITests.m */; };
		BD584E891BA9076B00A9912A /* RecipeCollectionViewController.m in Sources */ = {isa = PBXBuildFile; fileRef = BD584E881BA9076B00A9912A /* RecipeCollectionViewController.m */; settings = {ASSET_TAGS = (); }; };
		BD584E9B1BA909AB00A9912A /* angry_birds_cake.jpg in Resources */ = {isa = PBXBuildFile; fileRef = BD584E8A1BA909AB00A9912A /* angry_birds_cake.jpg */; settings = {ASSET_TAGS = (); }; };
		BD584E9C1BA909AB00A9912A /* creme_brelee.jpg in Resources */ = {isa = PBXBuildFile; fileRef = BD584E8B1BA909AB00A9912A /* creme_brelee.jpg */; settings = {ASSET_TAGS = (); }; };
		BD584E9D1BA909AB00A9912A /* egg_benedict.jpg in Resources */ = {isa = PBXBuildFile; fileRef = BD584E8C1BA909AB00A9912A /* egg_benedict.jpg */; settings = {ASSET_TAGS = (); }; };
		BD584E9E1BA909AB00A9912A /* full_breakfast.jpg in Resources */ = {isa = PBXBuildFile; fileRef = BD584E8D1BA909AB00A9912A /* full_breakfast.jpg */; settings = {ASSET_TAGS = (); }; };
		BD584E9F1BA909AB00A9912A /* green_tea.jpg in Resources */ = {isa = PBXBuildFile; fileRef = BD584E8E1BA909AB00A9912A /* green_tea.jpg */; settings = {ASSET_TAGS = (); }; };
		BD584EA01BA909AB00A9912A /* ham_and_cheese_panini.jpg in Resources */ = {isa = PBXBuildFile; fileRef = BD584E8F1BA909AB00A9912A /* ham_and_cheese_panini.jpg */; settings = {ASSET_TAGS = (); }; };
		BD584EA11BA909AB00A9912A /* ham_and_egg_sandwich.jpg in Resources */ = {isa = PBXBuildFile; fileRef = BD584E901BA909AB00A9912A /* ham_and_egg_sandwich.jpg */; settings = {ASSET_TAGS = (); }; };
		BD584EA21BA909AB00A9912A /* hamburger.jpg in Resources */ = {isa = PBXBuildFile; fileRef = BD584E911BA909AB00A9912A /* hamburger.jpg */; settings = {ASSET_TAGS = (); }; };
		BD584EA31BA909AB00A9912A /* instant_noodle_with_egg.jpg in Resources */ = {isa = PBXBuildFile; fileRef = BD584E921BA909AB00A9912A /* instant_noodle_with_egg.jpg */; settings = {ASSET_TAGS = (); }; };
		BD584EA41BA909AB00A9912A /* japanese_noodle_with_pork.jpg in Resources */ = {isa = PBXBuildFile; fileRef = BD584E931BA909AB00A9912A /* japanese_noodle_with_pork.jpg */; settings = {ASSET_TAGS = (); }; };
		BD584EA51BA909AB00A9912A /* mushroom_risotto.jpg in Resources */ = {isa = PBXBuildFile; fileRef = BD584E941BA909AB00A9912A /* mushroom_risotto.jpg */; settings = {ASSET_TAGS = (); }; };
		BD584EA61BA909AB00A9912A /* noodle_with_bbq_pork.jpg in Resources */ = {isa = PBXBuildFile; fileRef = BD584E951BA909AB00A9912A /* noodle_with_bbq_pork.jpg */; settings = {ASSET_TAGS = (); }; };
		BD584EA71BA909AB00A9912A /* photo-frame.png in Resources */ = {isa = PBXBuildFile; fileRef = BD584E961BA909AB00A9912A /* photo-frame.png */; settings = {ASSET_TAGS = (); }; };
		BD584EA81BA909AB00A9912A /* starbucks_coffee.jpg in Resources */ = {isa = PBXBuildFile; fileRef = BD584E971BA909AB00A9912A /* starbucks_coffee.jpg */; settings = {ASSET_TAGS = (); }; };
		BD584EA91BA909AB00A9912A /* thai_shrimp_cake.jpg in Resources */ = {isa = PBXBuildFile; fileRef = BD584E981BA909AB00A9912A /* thai_shrimp_cake.jpg */; settings = {ASSET_TAGS = (); }; };
		BD584EAA1BA909AB00A9912A /* vegetable_curry.jpg in Resources */ = {isa = PBXBuildFile; fileRef = BD584E991BA909AB00A9912A /* vegetable_curry.jpg */; settings = {ASSET_TAGS = (); }; };
		BD584EAB1BA909AB00A9912A /* white_chocolate_donut.jpg in Resources */ = {isa = PBXBuildFile; fileRef = BD584E9A1BA909AB00A9912A /* white_chocolate_donut.jpg */; settings = {ASSET_TAGS = (); }; };
/* End PBXBuildFile section */

/* Begin PBXContainerItemProxy section */
		BD584E6B1BA8C5B100A9912A /* PBXContainerItemProxy */ = {
			isa = PBXContainerItemProxy;
			containerPortal = BD584E491BA8C5B100A9912A /* Project object */;
			proxyType = 1;
			remoteGlobalIDString = BD584E501BA8C5B100A9912A;
			remoteInfo = CollectionView;
		};
		BD584E761BA8C5B100A9912A /* PBXContainerItemProxy */ = {
			isa = PBXContainerItemProxy;
			containerPortal = BD584E491BA8C5B100A9912A /* Project object */;
			proxyType = 1;
			remoteGlobalIDString = BD584E501BA8C5B100A9912A;
			remoteInfo = CollectionView;
		};
/* End PBXContainerItemProxy section */

/* Begin PBXFileReference section */
		BD584E511BA8C5B100A9912A /* CollectionView.app */ = {isa = PBXFileReference; explicitFileType = wrapper.application; includeInIndex = 0; path = CollectionView.app; sourceTree = BUILT_PRODUCTS_DIR; };
		BD584E551BA8C5B100A9912A /* main.m */ = {isa = PBXFileReference; lastKnownFileType = sourcecode.c.objc; path = main.m; sourceTree = "<group>"; };
		BD584E571BA8C5B100A9912A /* AppDelegate.h */ = {isa = PBXFileReference; lastKnownFileType = sourcecode.c.h; path = AppDelegate.h; sourceTree = "<group>"; };
		BD584E581BA8C5B100A9912A /* AppDelegate.m */ = {isa = PBXFileReference; lastKnownFileType = sourcecode.c.objc; path = AppDelegate.m; sourceTree = "<group>"; };
		BD584E5A1BA8C5B100A9912A /* ViewController.h */ = {isa = PBXFileReference; lastKnownFileType = sourcecode.c.h; path = ViewController.h; sourceTree = "<group>"; };
		BD584E5B1BA8C5B100A9912A /* ViewController.m */ = {isa = PBXFileReference; lastKnownFileType = sourcecode.c.objc; path = ViewController.m; sourceTree = "<group>"; };
		BD584E5E1BA8C5B100A9912A /* Base */ = {isa = PBXFileReference; lastKnownFileType = file.storyboard; name = Base; path = Base.lproj/Main.storyboard; sourceTree = "<group>"; };
		BD584E601BA8C5B100A9912A /* Assets.xcassets */ = {isa = PBXFileReference; lastKnownFileType = folder.assetcatalog; path = Assets.xcassets; sourceTree = "<group>"; };
		BD584E631BA8C5B100A9912A /* Base */ = {isa = PBXFileReference; lastKnownFileType = file.storyboard; name = Base; path = Base.lproj/LaunchScreen.storyboard; sourceTree = "<group>"; };
		BD584E651BA8C5B100A9912A /* Info.plist */ = {isa = PBXFileReference; lastKnownFileType = text.plist.xml; path = Info.plist; sourceTree = "<group>"; };
		BD584E6A1BA8C5B100A9912A /* CollectionViewTests.xctest */ = {isa = PBXFileReference; explicitFileType = wrapper.cfbundle; includeInIndex = 0; path = CollectionViewTests.xctest; sourceTree = BUILT_PRODUCTS_DIR; };
		BD584E6E1BA8C5B100A9912A /* CollectionViewTests.m */ = {isa = PBXFileReference; lastKnownFileType = sourcecode.c.objc; path = CollectionViewTests.m; sourceTree = "<group>"; };
		BD584E701BA8C5B100A9912A /* Info.plist */ = {isa = PBXFileReference; lastKnownFileType = text.plist.xml; path = Info.plist; sourceTree = "<group>"; };
		BD584E751BA8C5B100A9912A /* CollectionViewUITests.xctest */ = {isa = PBXFileReference; explicitFileType = wrapper.cfbundle; includeInIndex = 0; path = CollectionViewUITests.xctest; sourceTree = BUILT_PRODUCTS_DIR; };
		BD584E791BA8C5B100A9912A /* CollectionViewUITests.m */ = {isa = PBXFileReference; lastKnownFileType = sourcecode.c.objc; path = CollectionViewUITests.m; sourceTree = "<group>"; };
		BD584E7B1BA8C5B100A9912A /* Info.plist */ = {isa = PBXFileReference; lastKnownFileType = text.plist.xml; path = Info.plist; sourceTree = "<group>"; };
		BD584E871BA9076B00A9912A /* RecipeCollectionViewController.h */ = {isa = PBXFileReference; fileEncoding = 4; lastKnownFileType = sourcecode.c.h; path = RecipeCollectionViewController.h; sourceTree = "<group>"; };
		BD584E881BA9076B00A9912A /* RecipeCollectionViewController.m */ = {isa = PBXFileReference; fileEncoding = 4; lastKnownFileType = sourcecode.c.objc; path = RecipeCollectionViewController.m; sourceTree = "<group>"; };
		BD584E8A1BA909AB00A9912A /* angry_birds_cake.jpg */ = {isa = PBXFileReference; lastKnownFileType = image.jpeg; name = angry_birds_cake.jpg; path = Assets.xcassets/angry_birds_cake.jpg; sourceTree = "<group>"; };
		BD584E8B1BA909AB00A9912A /* creme_brelee.jpg */ = {isa = PBXFileReference; lastKnownFileType = image.jpeg; name = creme_brelee.jpg; path = Assets.xcassets/creme_brelee.jpg; sourceTree = "<group>"; };
		BD584E8C1BA909AB00A9912A /* egg_benedict.jpg */ = {isa = PBXFileReference; lastKnownFileType = image.jpeg; name = egg_benedict.jpg; path = Assets.xcassets/egg_benedict.jpg; sourceTree = "<group>"; };
		BD584E8D1BA909AB00A9912A /* full_breakfast.jpg */ = {isa = PBXFileReference; lastKnownFileType = image.jpeg; name = full_breakfast.jpg; path = Assets.xcassets/full_breakfast.jpg; sourceTree = "<group>"; };
		BD584E8E1BA909AB00A9912A /* green_tea.jpg */ = {isa = PBXFileReference; lastKnownFileType = image.jpeg; name = green_tea.jpg; path = Assets.xcassets/green_tea.jpg; sourceTree = "<group>"; };
		BD584E8F1BA909AB00A9912A /* ham_and_cheese_panini.jpg */ = {isa = PBXFileReference; lastKnownFileType = image.jpeg; name = ham_and_cheese_panini.jpg; path = Assets.xcassets/ham_and_cheese_panini.jpg; sourceTree = "<group>"; };
		BD584E901BA909AB00A9912A /* ham_and_egg_sandwich.jpg */ = {isa = PBXFileReference; lastKnownFileType = image.jpeg; name = ham_and_egg_sandwich.jpg; path = Assets.xcassets/ham_and_egg_sandwich.jpg; sourceTree = "<group>"; };
		BD584E911BA909AB00A9912A /* hamburger.jpg */ = {isa = PBXFileReference; lastKnownFileType = image.jpeg; name = hamburger.jpg; path = Assets.xcassets/hamburger.jpg; sourceTree = "<group>"; };
		BD584E921BA909AB00A9912A /* instant_noodle_with_egg.jpg */ = {isa = PBXFileReference; lastKnownFileType = image.jpeg; name = instant_noodle_with_egg.jpg; path = Assets.xcassets/instant_noodle_with_egg.jpg; sourceTree = "<group>"; };
		BD584E931BA909AB00A9912A /* japanese_noodle_with_pork.jpg */ = {isa = PBXFileReference; lastKnownFileType = image.jpeg; name = japanese_noodle_with_pork.jpg; path = Assets.xcassets/japanese_noodle_with_pork.jpg; sourceTree = "<group>"; };
		BD584E941BA909AB00A9912A /* mushroom_risotto.jpg */ = {isa = PBXFileReference; lastKnownFileType = image.jpeg; name = mushroom_risotto.jpg; path = Assets.xcassets/mushroom_risotto.jpg; sourceTree = "<group>"; };
		BD584E951BA909AB00A9912A /* noodle_with_bbq_pork.jpg */ = {isa = PBXFileReference; lastKnownFileType = image.jpeg; name = noodle_with_bbq_pork.jpg; path = Assets.xcassets/noodle_with_bbq_pork.jpg; sourceTree = "<group>"; };
		BD584E961BA909AB00A9912A /* photo-frame.png */ = {isa = PBXFileReference; lastKnownFileType = image.png; name = "photo-frame.png"; path = "Assets.xcassets/photo-frame.png"; sourceTree = "<group>"; };
		BD584E971BA909AB00A9912A /* starbucks_coffee.jpg */ = {isa = PBXFileReference; lastKnownFileType = image.jpeg; name = starbucks_coffee.jpg; path = Assets.xcassets/starbucks_coffee.jpg; sourceTree = "<group>"; };
		BD584E981BA909AB00A9912A /* thai_shrimp_cake.jpg */ = {isa = PBXFileReference; lastKnownFileType = image.jpeg; name = thai_shrimp_cake.jpg; path = Assets.xcassets/thai_shrimp_cake.jpg; sourceTree = "<group>"; };
		BD584E991BA909AB00A9912A /* vegetable_curry.jpg */ = {isa = PBXFileReference; lastKnownFileType = image.jpeg; name = vegetable_curry.jpg; path = Assets.xcassets/vegetable_curry.jpg; sourceTree = "<group>"; };
		BD584E9A1BA909AB00A9912A /* white_chocolate_donut.jpg */ = {isa = PBXFileReference; lastKnownFileType = image.jpeg; name = white_chocolate_donut.jpg; path = Assets.xcassets/white_chocolate_donut.jpg; sourceTree = "<group>"; };
/* End PBXFileReference section */

/* Begin PBXFrameworksBuildPhase section */
		BD584E4E1BA8C5B100A9912A /* Frameworks */ = {
			isa = PBXFrameworksBuildPhase;
			buildActionMask = 2147483647;
			files = (
			);
			runOnlyForDeploymentPostprocessing = 0;
		};
		BD584E671BA8C5B100A9912A /* Frameworks */ = {
			isa = PBXFrameworksBuildPhase;
			buildActionMask = 2147483647;
			files = (
			);
			runOnlyForDeploymentPostprocessing = 0;
		};
		BD584E721BA8C5B100A9912A /* Frameworks */ = {
			isa = PBXFrameworksBuildPhase;
			buildActionMask = 2147483647;
			files = (
			);
			runOnlyForDeploymentPostprocessing = 0;
		};
/* End PBXFrameworksBuildPhase section */

/* Begin PBXGroup section */
		BD584E481BA8C5B100A9912A = {
			isa = PBXGroup;
			children = (
				BD584E531BA8C5B100A9912A /* CollectionView */,
				BD584E6D1BA8C5B100A9912A /* CollectionViewTests */,
				BD584E781BA8C5B100A9912A /* CollectionViewUITests */,
				BD584E521BA8C5B100A9912A /* Products */,
			);
			sourceTree = "<group>";
		};
		BD584E521BA8C5B100A9912A /* Products */ = {
			isa = PBXGroup;
			children = (
				BD584E511BA8C5B100A9912A /* CollectionView.app */,
				BD584E6A1BA8C5B100A9912A /* CollectionViewTests.xctest */,
				BD584E751BA8C5B100A9912A /* CollectionViewUITests.xctest */,
			);
			name = Products;
			sourceTree = "<group>";
		};
		BD584E531BA8C5B100A9912A /* CollectionView */ = {
			isa = PBXGroup;
			children = (
				BD584E871BA9076B00A9912A /* RecipeCollectionViewController.h */,
				BD584E881BA9076B00A9912A /* RecipeCollectionViewController.m */,
				BD584E571BA8C5B100A9912A /* AppDelegate.h */,
				BD584E581BA8C5B100A9912A /* AppDelegate.m */,
				BD584E5A1BA8C5B100A9912A /* ViewController.h */,
				BD584E5B1BA8C5B100A9912A /* ViewController.m */,
				BD584E5D1BA8C5B100A9912A /* Main.storyboard */,
				BD584E601BA8C5B100A9912A /* Assets.xcassets */,
				BD584E621BA8C5B100A9912A /* LaunchScreen.storyboard */,
				BD584E651BA8C5B100A9912A /* Info.plist */,
				BD584E541BA8C5B100A9912A /* Supporting Files */,
			);
			path = CollectionView;
			sourceTree = "<group>";
		};
		BD584E541BA8C5B100A9912A /* Supporting Files */ = {
			isa = PBXGroup;
			children = (
				BD584E8A1BA909AB00A9912A /* angry_birds_cake.jpg */,
				BD584E8B1BA909AB00A9912A /* creme_brelee.jpg */,
				BD584E8C1BA909AB00A9912A /* egg_benedict.jpg */,
				BD584E8D1BA909AB00A9912A /* full_breakfast.jpg */,
				BD584E8E1BA909AB00A9912A /* green_tea.jpg */,
				BD584E8F1BA909AB00A9912A /* ham_and_cheese_panini.jpg */,
				BD584E901BA909AB00A9912A /* ham_and_egg_sandwich.jpg */,
				BD584E911BA909AB00A9912A /* hamburger.jpg */,
				BD584E921BA909AB00A9912A /* instant_noodle_with_egg.jpg */,
				BD584E931BA909AB00A9912A /* japanese_noodle_with_pork.jpg */,
				BD584E941BA909AB00A9912A /* mushroom_risotto.jpg */,
				BD584E951BA909AB00A9912A /* noodle_with_bbq_pork.jpg */,
				BD584E961BA909AB00A9912A /* photo-frame.png */,
				BD584E971BA909AB00A9912A /* starbucks_coffee.jpg */,
				BD584E981BA909AB00A9912A /* thai_shrimp_cake.jpg */,
				BD584E991BA909AB00A9912A /* vegetable_curry.jpg */,
				BD584E9A1BA909AB00A9912A /* white_chocolate_donut.jpg */,
				BD584E551BA8C5B100A9912A /* main.m */,
			);
			name = "Supporting Files";
			sourceTree = "<group>";
		};
		BD584E6D1BA8C5B100A9912A /* CollectionViewTests */ = {
			isa = PBXGroup;
			children = (
				BD584E6E1BA8C5B100A9912A /* CollectionViewTests.m */,
				BD584E701BA8C5B100A9912A /* Info.plist */,
			);
			path = CollectionViewTests;
			sourceTree = "<group>";
		};
		BD584E781BA8C5B100A9912A /* CollectionViewUITests */ = {
			isa = PBXGroup;
			children = (
				BD584E791BA8C5B100A9912A /* CollectionViewUITests.m */,
				BD584E7B1BA8C5B100A9912A /* Info.plist */,
			);
			path = CollectionViewUITests;
			sourceTree = "<group>";
		};
/* End PBXGroup section */

/* Begin PBXNativeTarget section */
		BD584E501BA8C5B100A9912A /* CollectionView */ = {
			isa = PBXNativeTarget;
			buildConfigurationList = BD584E7E1BA8C5B100A9912A /* Build configuration list for PBXNativeTarget "CollectionView" */;
			buildPhases = (
				BD584E4D1BA8C5B100A9912A /* Sources */,
				BD584E4E1BA8C5B100A9912A /* Frameworks */,
				BD584E4F1BA8C5B100A9912A /* Resources */,
			);
			buildRules = (
			);
			dependencies = (
			);
			name = CollectionView;
			productName = CollectionView;
			productReference = BD584E511BA8C5B100A9912A /* CollectionView.app */;
			productType = "com.apple.product-type.application";
		};
		BD584E691BA8C5B100A9912A /* CollectionViewTests */ = {
			isa = PBXNativeTarget;
			buildConfigurationList = BD584E811BA8C5B100A9912A /* Build configuration list for PBXNativeTarget "CollectionViewTests" */;
			buildPhases = (
				BD584E661BA8C5B100A9912A /* Sources */,
				BD584E671BA8C5B100A9912A /* Frameworks */,
				BD584E681BA8C5B100A9912A /* Resources */,
			);
			buildRules = (
			);
			dependencies = (
				BD584E6C1BA8C5B100A9912A /* PBXTargetDependency */,
			);
			name = CollectionViewTests;
			productName = CollectionViewTests;
			productReference = BD584E6A1BA8C5B100A9912A /* CollectionViewTests.xctest */;
			productType = "com.apple.product-type.bundle.unit-test";
		};
		BD584E741BA8C5B100A9912A /* CollectionViewUITests */ = {
			isa = PBXNativeTarget;
			buildConfigurationList = BD584E841BA8C5B100A9912A /* Build configuration list for PBXNativeTarget "CollectionViewUITests" */;
			buildPhases = (
				BD584E711BA8C5B100A9912A /* Sources */,
				BD584E721BA8C5B100A9912A /* Frameworks */,
				BD584E731BA8C5B100A9912A /* Resources */,
			);
			buildRules = (
			);
			dependencies = (
				BD584E771BA8C5B100A9912A /* PBXTargetDependency */,
			);
			name = CollectionViewUITests;
			productName = CollectionViewUITests;
			productReference = BD584E751BA8C5B100A9912A /* CollectionViewUITests.xctest */;
			productType = "com.apple.product-type.bundle.ui-testing";
		};
/* End PBXNativeTarget section */

/* Begin PBXProject section */
		BD584E491BA8C5B100A9912A /* Project object */ = {
			isa = PBXProject;
			attributes = {
				LastUpgradeCheck = 0700;
				ORGANIZATIONNAME = "GC App";
				TargetAttributes = {
					BD584E501BA8C5B100A9912A = {
						CreatedOnToolsVersion = 7.0;
					};
					BD584E691BA8C5B100A9912A = {
						CreatedOnToolsVersion = 7.0;
						TestTargetID = BD584E501BA8C5B100A9912A;
					};
					BD584E741BA8C5B100A9912A = {
						CreatedOnToolsVersion = 7.0;
						TestTargetID = BD584E501BA8C5B100A9912A;
					};
				};
			};
			buildConfigurationList = BD584E4C1BA8C5B100A9912A /* Build configuration list for PBXProject "CollectionView" */;
			compatibilityVersion = "Xcode 3.2";
			developmentRegion = English;
			hasScannedForEncodings = 0;
			knownRegions = (
				en,
				Base,
			);
			mainGroup = BD584E481BA8C5B100A9912A;
			productRefGroup = BD584E521BA8C5B100A9912A /* Products */;
			projectDirPath = "";
			projectRoot = "";
			targets = (
				BD584E501BA8C5B100A9912A /* CollectionView */,
				BD584E691BA8C5B100A9912A /* CollectionViewTests */,
				BD584E741BA8C5B100A9912A /* CollectionViewUITests */,
			);
		};
/* End PBXProject section */

/* Begin PBXResourcesBuildPhase section */
		BD584E4F1BA8C5B100A9912A /* Resources */ = {
			isa = PBXResourcesBuildPhase;
			buildActionMask = 2147483647;
			files = (
				BD584E9E1BA909AB00A9912A /* full_breakfast.jpg in Resources */,
				BD584E641BA8C5B100A9912A /* LaunchScreen.storyboard in Resources */,
				BD584E9C1BA909AB00A9912A /* creme_brelee.jpg in Resources */,
				BD584EAB1BA909AB00A9912A /* white_chocolate_donut.jpg in Resources */,
				BD584E611BA8C5B100A9912A /* Assets.xcassets in Resources */,
				BD584EA91BA909AB00A9912A /* thai_shrimp_cake.jpg in Resources */,
				BD584EA71BA909AB00A9912A /* photo-frame.png in Resources */,
				BD584EA31BA909AB00A9912A /* instant_noodle_with_egg.jpg in Resources */,
				BD584EA21BA909AB00A9912A /* hamburger.jpg in Resources */,
				BD584EA61BA909AB00A9912A /* noodle_with_bbq_pork.jpg in Resources */,
				BD584EA81BA909AB00A9912A /* starbucks_coffee.jpg in Resources */,
				BD584EAA1BA909AB00A9912A /* vegetable_curry.jpg in Resources */,
				BD584E9B1BA909AB00A9912A /* angry_birds_cake.jpg in Resources */,
				BD584E5F1BA8C5B100A9912A /* Main.storyboard in Resources */,
				BD584EA01BA909AB00A9912A /* ham_and_cheese_panini.jpg in Resources */,
				BD584E9F1BA909AB00A9912A /* green_tea.jpg in Resources */,
				BD584EA51BA909AB00A9912A /* mushroom_risotto.jpg in Resources */,
				BD584E9D1BA909AB00A9912A /* egg_benedict.jpg in Resources */,
				BD584EA11BA909AB00A9912A /* ham_and_egg_sandwich.jpg in Resources */,
				BD584EA41BA909AB00A9912A /* japanese_noodle_with_pork.jpg in Resources */,
			);
			runOnlyForDeploymentPostprocessing = 0;
		};
		BD584E681BA8C5B100A9912A /* Resources */ = {
			isa = PBXResourcesBuildPhase;
			buildActionMask = 2147483647;
			files = (
			);
			runOnlyForDeploymentPostprocessing = 0;
		};
		BD584E731BA8C5B100A9912A /* Resources */ = {
			isa = PBXResourcesBuildPhase;
			buildActionMask = 2147483647;
			files = (
			);
			runOnlyForDeploymentPostprocessing = 0;
		};
/* End PBXResourcesBuildPhase section */

/* Begin PBXSourcesBuildPhase section */
		BD584E4D1BA8C5B100A9912A /* Sources */ = {
			isa = PBXSourcesBuildPhase;
			buildActionMask = 2147483647;
			files = (
				BD584E891BA9076B00A9912A /* RecipeCollectionViewController.m in Sources */,
				BD584E5C1BA8C5B100A9912A /* ViewController.m in Sources */,
				BD584E591BA8C5B100A9912A /* AppDelegate.m in Sources */,
				BD584E561BA8C5B100A9912A /* main.m in Sources */,
			);
			runOnlyForDeploymentPostprocessing = 0;
		};
		BD584E661BA8C5B100A9912A /* Sources */ = {
			isa = PBXSourcesBuildPhase;
			buildActionMask = 2147483647;
			files = (
				BD584E6F1BA8C5B100A9912A /* CollectionViewTests.m in Sources */,
			);
			runOnlyForDeploymentPostprocessing = 0;
		};
		BD584E711BA8C5B100A9912A /* Sources */ = {
			isa = PBXSourcesBuildPhase;
			buildActionMask = 2147483647;
			files = (
				BD584E7A1BA8C5B100A9912A /* CollectionViewUITests.m in Sources */,
			);
			runOnlyForDeploymentPostprocessing = 0;
		};
/* End PBXSourcesBuildPhase section */

/* Begin PBXTargetDependency section */
		BD584E6C1BA8C5B100A9912A /* PBXTargetDependency */ = {
			isa = PBXTargetDependency;
			target = BD584E501BA8C5B100A9912A /* CollectionView */;
			targetProxy = BD584E6B1BA8C5B100A9912A /* PBXContainerItemProxy */;
		};
		BD584E771BA8C5B100A9912A /* PBXTargetDependency */ = {
			isa = PBXTargetDependency;
			target = BD584E501BA8C5B100A9912A /* CollectionView */;
			targetProxy = BD584E761BA8C5B100A9912A /* PBXContainerItemProxy */;
		};
/* End PBXTargetDependency section */

/* Begin PBXVariantGroup section */
		BD584E5D1BA8C5B100A9912A /* Main.storyboard */ = {
			isa = PBXVariantGroup;
			children = (
				BD584E5E1BA8C5B100A9912A /* Base */,
			);
			name = Main.storyboard;
			sourceTree = "<group>";
		};
		BD584E621BA8C5B100A9912A /* LaunchScreen.storyboard */ = {
			isa = PBXVariantGroup;
			children = (
				BD584E631BA8C5B100A9912A /* Base */,
			);
			name = LaunchScreen.storyboard;
			sourceTree = "<group>";
		};
/* End PBXVariantGroup section */

/* Begin XCBuildConfiguration section */
		BD584E7C1BA8C5B100A9912A /* Debug */ = {
			isa = XCBuildConfiguration;
			buildSettings = {
				ALWAYS_SEARCH_USER_PATHS = NO;
				CLANG_CXX_LANGUAGE_STANDARD = "gnu++0x";
				CLANG_CXX_LIBRARY = "libc++";
				CLANG_ENABLE_MODULES = YES;
				CLANG_ENABLE_OBJC_ARC = YES;
				CLANG_WARN_BOOL_CONVERSION = YES;
				CLANG_WARN_CONSTANT_CONVERSION = YES;
				CLANG_WARN_DIRECT_OBJC_ISA_USAGE = YES_ERROR;
				CLANG_WARN_EMPTY_BODY = YES;
				CLANG_WARN_ENUM_CONVERSION = YES;
				CLANG_WARN_INT_CONVERSION = YES;
				CLANG_WARN_OBJC_ROOT_CLASS = YES_ERROR;
				CLANG_WARN_UNREACHABLE_CODE = YES;
				CLANG_WARN__DUPLICATE_METHOD_MATCH = YES;
				"CODE_SIGN_IDENTITY[sdk=iphoneos*]" = "iPhone Developer";
				COPY_PHASE_STRIP = NO;
				DEBUG_INFORMATION_FORMAT = dwarf;
				ENABLE_STRICT_OBJC_MSGSEND = YES;
				ENABLE_TESTABILITY = YES;
				GCC_C_LANGUAGE_STANDARD = gnu99;
				GCC_DYNAMIC_NO_PIC = NO;
				GCC_NO_COMMON_BLOCKS = YES;
				GCC_OPTIMIZATION_LEVEL = 0;
				GCC_PREPROCESSOR_DEFINITIONS = (
					"DEBUG=1",
					"$(inherited)",
				);
				GCC_WARN_64_TO_32_BIT_CONVERSION = YES;
				GCC_WARN_ABOUT_RETURN_TYPE = YES_ERROR;
				GCC_WARN_UNDECLARED_SELECTOR = YES;
				GCC_WARN_UNINITIALIZED_AUTOS = YES_AGGRESSIVE;
				GCC_WARN_UNUSED_FUNCTION = YES;
				GCC_WARN_UNUSED_VARIABLE = YES;
				IPHONEOS_DEPLOYMENT_TARGET = 9.0;
				MTL_ENABLE_DEBUG_INFO = YES;
				ONLY_ACTIVE_ARCH = YES;
				SDKROOT = iphoneos;
				TARGETED_DEVICE_FAMILY = "1,2";
			};
			name = Debug;
		};
		BD584E7D1BA8C5B100A9912A /* Release */ = {
			isa = XCBuildConfiguration;
			buildSettings = {
				ALWAYS_SEARCH_USER_PATHS = NO;
				CLANG_CXX_LANGUAGE_STANDARD = "gnu++0x";
				CLANG_CXX_LIBRARY = "libc++";
				CLANG_ENABLE_MODULES = YES;
				CLANG_ENABLE_OBJC_ARC = YES;
				CLANG_WARN_BOOL_CONVERSION = YES;
				CLANG_WARN_CONSTANT_CONVERSION = YES;
				CLANG_WARN_DIRECT_OBJC_ISA_USAGE = YES_ERROR;
				CLANG_WARN_EMPTY_BODY = YES;
				CLANG_WARN_ENUM_CONVERSION = YES;
				CLANG_WARN_INT_CONVERSION = YES;
				CLANG_WARN_OBJC_ROOT_CLASS = YES_ERROR;
				CLANG_WARN_UNREACHABLE_CODE = YES;
				CLANG_WARN__DUPLICATE_METHOD_MATCH = YES;
				"CODE_SIGN_IDENTITY[sdk=iphoneos*]" = "iPhone Developer";
				COPY_PHASE_STRIP = NO;
				DEBUG_INFORMATION_FORMAT = "dwarf-with-dsym";
				ENABLE_NS_ASSERTIONS = NO;
				ENABLE_STRICT_OBJC_MSGSEND = YES;
				GCC_C_LANGUAGE_STANDARD = gnu99;
				GCC_NO_COMMON_BLOCKS = YES;
				GCC_WARN_64_TO_32_BIT_CONVERSION = YES;
				GCC_WARN_ABOUT_RETURN_TYPE = YES_ERROR;
				GCC_WARN_UNDECLARED_SELECTOR = YES;
				GCC_WARN_UNINITIALIZED_AUTOS = YES_AGGRESSIVE;
				GCC_WARN_UNUSED_FUNCTION = YES;
				GCC_WARN_UNUSED_VARIABLE = YES;
				IPHONEOS_DEPLOYMENT_TARGET = 9.0;
				MTL_ENABLE_DEBUG_INFO = NO;
				SDKROOT = iphoneos;
				TARGETED_DEVICE_FAMILY = "1,2";
				VALIDATE_PRODUCT = YES;
			};
			name = Release;
		};
		BD584E7F1BA8C5B100A9912A /* Debug */ = {
			isa = XCBuildConfiguration;
			buildSettings = {
				ASSETCATALOG_COMPILER_APPICON_NAME = AppIcon;
				INFOPLIST_FILE = CollectionView/Info.plist;
				LD_RUNPATH_SEARCH_PATHS = "$(inherited) @executable_path/Frameworks";
				PRODUCT_BUNDLE_IDENTIFIER = com.ganchau.CollectionView;
				PRODUCT_NAME = "$(TARGET_NAME)";
			};
			name = Debug;
		};
		BD584E801BA8C5B100A9912A /* Release */ = {
			isa = XCBuildConfiguration;
			buildSettings = {
				ASSETCATALOG_COMPILER_APPICON_NAME = AppIcon;
				INFOPLIST_FILE = CollectionView/Info.plist;
				LD_RUNPATH_SEARCH_PATHS = "$(inherited) @executable_path/Frameworks";
				PRODUCT_BUNDLE_IDENTIFIER = com.ganchau.CollectionView;
				PRODUCT_NAME = "$(TARGET_NAME)";
			};
			name = Release;
		};
		BD584E821BA8C5B100A9912A /* Debug */ = {
			isa = XCBuildConfiguration;
			buildSettings = {
				BUNDLE_LOADER = "$(TEST_HOST)";
				INFOPLIST_FILE = CollectionViewTests/Info.plist;
				LD_RUNPATH_SEARCH_PATHS = "$(inherited) @executable_path/Frameworks @loader_path/Frameworks";
				PRODUCT_BUNDLE_IDENTIFIER = com.ganchau.CollectionViewTests;
				PRODUCT_NAME = "$(TARGET_NAME)";
				TEST_HOST = "$(BUILT_PRODUCTS_DIR)/CollectionView.app/CollectionView";
			};
			name = Debug;
		};
		BD584E831BA8C5B100A9912A /* Release */ = {
			isa = XCBuildConfiguration;
			buildSettings = {
				BUNDLE_LOADER = "$(TEST_HOST)";
				INFOPLIST_FILE = CollectionViewTests/Info.plist;
				LD_RUNPATH_SEARCH_PATHS = "$(inherited) @executable_path/Frameworks @loader_path/Frameworks";
				PRODUCT_BUNDLE_IDENTIFIER = com.ganchau.CollectionViewTests;
				PRODUCT_NAME = "$(TARGET_NAME)";
				TEST_HOST = "$(BUILT_PRODUCTS_DIR)/CollectionView.app/CollectionView";
			};
			name = Release;
		};
		BD584E851BA8C5B100A9912A /* Debug */ = {
			isa = XCBuildConfiguration;
			buildSettings = {
				INFOPLIST_FILE = CollectionViewUITests/Info.plist;
				LD_RUNPATH_SEARCH_PATHS = "$(inherited) @executable_path/Frameworks @loader_path/Frameworks";
				PRODUCT_BUNDLE_IDENTIFIER = com.ganchau.CollectionViewUITests;
				PRODUCT_NAME = "$(TARGET_NAME)";
				TEST_TARGET_NAME = CollectionView;
				USES_XCTRUNNER = YES;
			};
			name = Debug;
		};
		BD584E861BA8C5B100A9912A /* Release */ = {
			isa = XCBuildConfiguration;
			buildSettings = {
				INFOPLIST_FILE = CollectionViewUITests/Info.plist;
				LD_RUNPATH_SEARCH_PATHS = "$(inherited) @executable_path/Frameworks @loader_path/Frameworks";
				PRODUCT_BUNDLE_IDENTIFIER = com.ganchau.CollectionViewUITests;
				PRODUCT_NAME = "$(TARGET_NAME)";
				TEST_TARGET_NAME = CollectionView;
				USES_XCTRUNNER = YES;
			};
			name = Release;
		};
/* End XCBuildConfiguration section */

/* Begin XCConfigurationList section */
		BD584E4C1BA8C5B100A9912A /* Build configuration list for PBXProject "CollectionView" */ = {
			isa = XCConfigurationList;
			buildConfigurations = (
				BD584E7C1BA8C5B100A9912A /* Debug */,
				BD584E7D1BA8C5B100A9912A /* Release */,
			);
			defaultConfigurationIsVisible = 0;
			defaultConfigurationName = Release;
		};
		BD584E7E1BA8C5B100A9912A /* Build configuration list for PBXNativeTarget "CollectionView" */ = {
			isa = XCConfigurationList;
			buildConfigurations = (
				BD584E7F1BA8C5B100A9912A /* Debug */,
				BD584E801BA8C5B100A9912A /* Release */,
			);
			defaultConfigurationIsVisible = 0;
			defaultConfigurationName = Release;
		};
		BD584E811BA8C5B100A9912A /* Build configuration list for PBXNativeTarget "CollectionViewTests" */ = {
			isa = XCConfigurationList;
			buildConfigurations = (
				BD584E821BA8C5B100A9912A /* Debug */,
				BD584E831BA8C5B100A9912A /* Release */,
			);
			defaultConfigurationIsVisible = 0;
			defaultConfigurationName = Release;
		};
		BD584E841BA8C5B100A9912A /* Build configuration list for PBXNativeTarget "CollectionViewUITests" */ = {
			isa = XCConfigurationList;
			buildConfigurations = (
				BD584E851BA8C5B100A9912A /* Debug */,
				BD584E861BA8C5B100A9912A /* Release */,
			);
			defaultConfigurationIsVisible = 0;
			defaultConfigurationName = Release;
		};
/* End XCConfigurationList section */
	};
	rootObject = BD584E491BA8C5B100A9912A /* Project object */;
}
